
Microsoft Visual Studio Solution File, Format Version 12.00
# Visual Studio 2013
VisualStudioVersion = 12.0.21005.1
MinimumVisualStudioVersion = 10.0.40219.1
Project("{FAE04EC0-301F-11D3-BF4B-00C04F79EFBC}") = "SamrtPOS", "SamrtPOS\SamrtPOS.csproj", "{DAFBE4F3-B1A7-4D44-826F-2D4DB15D95C5}"
EndProject
Project("{54435603-DBB4-11D2-8724-00A0C9A8B90C}") = "Setup", "Setup\Setup.vdproj", "{B7D6659C-EAFD-4840-8068-F0FA28F12F3C}"
EndProject
Global
	GlobalSection(SolutionConfigurationPlatforms) = preSolution
		Debug|Any CPU = Debug|Any CPU
		Release|Any CPU = Release|Any CPU
	EndGlobalSection
	GlobalSection(ProjectConfigurationPlatforms) = postSolution
		{DAFBE4F3-B1A7-4D44-826F-2D4DB15D95C5}.Debug|Any CPU.ActiveCfg = Debug|Any CPU
		{DAFBE4F3-B1A7-4D44-826F-2D4DB15D95C5}.Debug|Any CPU.Build.0 = Debug|Any CPU
		{DAFBE4F3-B1A7-4D44-826F-2D4DB15D95C5}.Release|Any CPU.ActiveCfg = Release|Any CPU
		{DAFBE4F3-B1A7-4D44-826F-2D4DB15D95C5}.Release|Any CPU.Build.0 = Release|Any CPU
		{B7D6659C-EAFD-4840-8068-F0FA28F12F3C}.Debug|Any CPU.ActiveCfg = Debug
		{B7D6659C-EAFD-4840-8068-F0FA28F12F3C}.Release|Any CPU.ActiveCfg = Release
	EndGlobalSection
	GlobalSection(SolutionProperties) = preSolution
		HideSolutionNode = FALSE
	EndGlobalSection
EndGlobal
